# This file is autogenerated, do not edit; changes may be undone by the next 'dep ensure'.


[[projects]]
  digest = "1:5d3e23515e7916c152cc665eda0f7eaf6fdf8fdfe7c3dbac97049bcbd649b33f"
  name = "github.com/Knetic/govaluate"
  packages = ["."]
  pruneopts = "UT"
  revision = "d216395917cc49052c7c7094cf57f09657ca08a8"
  version = "v3.0.0"

[[projects]]
  digest = "1:69b1cc331fca23d702bd72f860c6a647afd0aa9fcbc1d0659b1365e26546dd70"
  name = "github.com/Sirupsen/logrus"
  packages = ["."]
  pruneopts = "UT"
  revision = "bcd833dfe83d3cebad139e4a29ed79cb2318bf95"
  version = "v1.2.0"

[[projects]]
  digest = "1:b67d9fb93495f20c1650448395a35d8c8a05cc1744bdd9986f5bc69d5d114f22"
  name = "github.com/Unknwon/com"
  packages = ["."]
  pruneopts = "UT"
  revision = "41959bdd855fb7db467f78865d5f9044507df1cd"
  version = "v2"

[[projects]]
  digest = "1:abeb38ade3f32a92943e5be54f55ed6d6e3b6602761d74b4aab4c9dd45c18abd"
  name = "github.com/fsnotify/fsnotify"
  packages = ["."]
  pruneopts = "UT"
  revision = "c2828203cd70a50dcccfb2761f8b1f8ceef9a8e9"
  version = "v1.4.7"

[[projects]]
  branch = "master"
  digest = "1:2c70cb4f416b5badad7248e6a169047657c9288db3966b15eb1ddf75ca1cf3cd"
  name = "github.com/go-macaron/binding"
  packages = ["."]
  pruneopts = "UT"
  revision = "ac54ee249c27dca7e76fad851a4a04b73bd1b183"

[[projects]]
  branch = "master"
  digest = "1:bdb17865b13e720add16eaa212872b4306c8521f367c7a7ff2c10cef1e7afdb1"
  name = "github.com/go-macaron/inject"
  packages = ["."]
  pruneopts = "UT"
  revision = "d8a0b8677191f4380287cfebd08e462217bac7ad"

[[projects]]
  branch = "master"
  digest = "1:4a271dacf7b6e19bcdfafeaedad359b34396826abfb5c646c0a2da4b15f98614"
  name = "github.com/go-macaron/session"
  packages = ["."]
  pruneopts = "UT"
  revision = "068d408f9c54c7fa7fcc5e2bdd3241ab21280c9e"

[[projects]]
  branch = "master"
  digest = "1:ffbec58b40e72acdab27dcba73bf1ecaf9f9a11a21901b74257748023ede3a8b"
  name = "github.com/go-macaron/toolbox"
  packages = ["."]
  pruneopts = "UT"
  revision = "a77f45a7ce909c0ff14b28279fa1a2b674acb70f"

[[projects]]
  digest = "1:adea5a94903eb4384abef30f3d878dc9ff6b6b5b0722da25b82e5169216dfb61"
  name = "github.com/go-sql-driver/mysql"
  packages = ["."]
  pruneopts = "UT"
  revision = "d523deb1b23d913de5bdada721a6071e71283618"
  version = "v1.4.0"

[[projects]]
  digest = "1:8badd4f3fac9b3b130972a5c7d4a2f569ac317f593245ed3842a595c40ccce4c"
  name = "github.com/go-xorm/builder"
  packages = ["."]
  pruneopts = "UT"
  revision = "ef80bec6771b66907d34a878fe8b3914b9f5cda8"
  version = "v0.3.2"

[[projects]]
  digest = "1:ec14b8c3b10e27599d7053a97bd28ef36e59cc4247f83b474bca43aaa971eab9"
  name = "github.com/go-xorm/core"
  packages = ["."]
  pruneopts = "UT"
  revision = "c10e21e7e1cec20e09398f2dfae385e58c8df555"
  version = "v0.6.0"

[[projects]]
  digest = "1:4f01359acf1d4bc0aade06dcfca6f7687516f54fbf70b467fe90057c614647f5"
  name = "github.com/go-xorm/xorm"
  packages = ["."]
  pruneopts = "UT"
  revision = "1f39c590c64924f358c0d89016ac9b2bb84e9125"
  version = "v0.7.1"

[[projects]]
  digest = "1:bc38c7c481812e178d85160472e231c5e1c9a7f5845d67e23ee4e706933c10d8"
  name = "github.com/golang/mock"
  packages = ["gomock"]
  pruneopts = "UT"
  revision = "c34cdb4725f4c3844d095133c6e40e448b86589b"
  version = "v1.1.1"

[[projects]]
  digest = "1:c0d19ab64b32ce9fe5cf4ddceba78d5bc9807f0016db6b1183599da3dcc24d10"
  name = "github.com/hashicorp/hcl"
  packages = [
    ".",
    "hcl/ast",
    "hcl/parser",
    "hcl/printer",
    "hcl/scanner",
    "hcl/strconv",
    "hcl/token",
    "json/parser",
    "json/scanner",
    "json/token",
  ]
  pruneopts = "UT"
  revision = "8cb6e5b959231cc1119e43259c4a608f9c51a241"
  version = "v1.0.0"

[[projects]]
  digest = "1:718c57979a9197414a044fff2028e57cb9fe145069e4f507059755bfe87f1bfe"
  name = "github.com/influxdata/influxdb"
  packages = [
    "client/v2",
    "models",
    "pkg/escape",
  ]
  pruneopts = "UT"
  revision = "dac4c6f571662c63dc0d73346787b8c7f113222a"
  version = "v1.7.0"

[[projects]]
  branch = "master"
  digest = "1:2c584d8971881e9f9a7dd2e0a712e83cb5ded51c5173eef1615ce3f047dbded3"
  name = "github.com/influxdata/platform"
  packages = [
    "models",
    "pkg/escape",
  ]
  pruneopts = "UT"
  revision = "2f8893f5d5e3c574256cbda3b589c29c6dbec653"

[[projects]]
  digest = "1:0a69a1c0db3591fcefb47f115b224592c8dfa4368b7ba9fae509d5e16cdc95c8"
  name = "github.com/konsorten/go-windows-terminal-sequences"
  packages = ["."]
  pruneopts = "UT"
  revision = "5c8c8bd35d3832f5d134ae1e1e375b69a4d25242"
  version = "v1.0.1"

[[projects]]
  digest = "1:c568d7727aa262c32bdf8a3f7db83614f7af0ed661474b24588de635c20024c7"
  name = "github.com/magiconair/properties"
  packages = ["."]
  pruneopts = "UT"
  revision = "c2353362d570a7bfa228149c62842019201cfb71"
  version = "v1.8.0"

[[projects]]
  digest = "1:4a49346ca45376a2bba679ca0e83bec949d780d4e927931317904bad482943ec"
  name = "github.com/mattn/go-sqlite3"
  packages = ["."]
  pruneopts = "UT"
  revision = "c7c4067b79cc51e6dfdcef5c702e74b1e0fa7c75"
  version = "v1.10.0"

[[projects]]
  digest = "1:53bc4cd4914cd7cd52139990d5170d6dc99067ae31c56530621b18b35fc30318"
  name = "github.com/mitchellh/mapstructure"
  packages = ["."]
  pruneopts = "UT"
  revision = "3536a929edddb9a5b34bd6861dc4a9647cb459fe"
  version = "v1.1.2"

[[projects]]
  digest = "1:b2ee62e09bec113cf086d2ce0769efcc7bf79481aba8373fd8f7884e94df3462"
  name = "github.com/pelletier/go-buffruneio"
  packages = ["."]
  pruneopts = "UT"
  revision = "c37440a7cf42ac63b919c752ca73a85067e05992"
  version = "v0.2.0"

[[projects]]
  digest = "1:95741de3af260a92cc5c7f3f3061e85273f5a81b5db20d4bd68da74bd521675e"
  name = "github.com/pelletier/go-toml"
  packages = ["."]
  pruneopts = "UT"
  revision = "c01d1270ff3e442a8a57cddc1c92dc1138598194"
  version = "v1.2.0"

[[projects]]
  digest = "1:98e86b9bb8fbb9053ba2b213c69cfc4753335e53d842178cebea6526a60571f3"
  name = "github.com/soniah/gosnmp"
  packages = ["."]
  pruneopts = "UT"
  revision = "28507a583d6f323959b554e0fc6d33eb589f5c05"
  version = "v1.16"

[[projects]]
  digest = "1:6a4a11ba764a56d2758899ec6f3848d24698d48442ebce85ee7a3f63284526cd"
  name = "github.com/spf13/afero"
  packages = [
    ".",
    "mem",
  ]
  pruneopts = "UT"
  revision = "d40851caa0d747393da1ffb28f7f9d8b4eeffebd"
  version = "v1.1.2"

[[projects]]
  digest = "1:08d65904057412fc0270fc4812a1c90c594186819243160dc779a402d4b6d0bc"
  name = "github.com/spf13/cast"
  packages = ["."]
  pruneopts = "UT"
  revision = "8c9545af88b134710ab1cd196795e7f2388358d7"
  version = "v1.3.0"

[[projects]]
  digest = "1:68ea4e23713989dc20b1bded5d9da2c5f9be14ff9885beef481848edd18c26cb"
  name = "github.com/spf13/jwalterweatherman"
  packages = ["."]
  pruneopts = "UT"
  revision = "4a4406e478ca629068e7768fc33f3f044173c0a6"
  version = "v1.0.0"

[[projects]]
  digest = "1:c1b1102241e7f645bc8e0c22ae352e8f0dc6484b6cb4d132fa9f24174e0119e2"
  name = "github.com/spf13/pflag"
  packages = ["."]
  pruneopts = "UT"
  revision = "298182f68c66c05229eb03ac171abe6e309ee79a"
  version = "v1.0.3"

[[projects]]
  digest = "1:214775c11fd26da94a100111a62daa25339198a4f9c57cb4aab352da889f5b93"
  name = "github.com/spf13/viper"
  packages = ["."]
  pruneopts = "UT"
  revision = "2c12c60302a5a0e62ee102ca9bc996277c2f64f5"
  version = "v1.2.1"

[[projects]]
  branch = "master"
  digest = "1:cb77e5934866333fa0784326a57e64c4da128001c94fbd1d29819d79bd3b1087"
  name = "golang.org/x/crypto"
  packages = [
    "pbkdf2",
    "ssh/terminal",
  ]
  pruneopts = "UT"
  revision = "e4dc69e5b2fd71dcaf8bd5d054eb936deb78d1fa"

[[projects]]
  branch = "master"
  digest = "1:76ee51c3f468493aff39dbacc401e8831fbb765104cbf613b89bef01cf4bad70"
  name = "golang.org/x/net"
  packages = ["context"]
  pruneopts = "UT"
  revision = "03003ca0c849e57b6ea29a4bab8d3cb6e4d568fe"

[[projects]]
  branch = "master"
  digest = "1:6a875550c3b582f6c2d7e2ce44aba792511f00016d7c46b0a4fb26f730ef3058"
  name = "golang.org/x/sys"
  packages = [
    "unix",
    "windows",
  ]
  pruneopts = "UT"
  revision = "66b7b1311ac80bbafcd2daeef9a5e6e2cd1e2399"

[[projects]]
  digest = "1:8029e9743749d4be5bc9f7d42ea1659471767860f0cdc34d37c3111bd308a295"
  name = "golang.org/x/text"
  packages = [
    "internal/gen",
    "internal/triegen",
    "internal/ucd",
    "transform",
    "unicode/cldr",
    "unicode/norm",
  ]
  pruneopts = "UT"
  revision = "f21a4dfb5e38f5895301dc265a8def02365cc3d0"
  version = "v0.3.0"

[[projects]]
  digest = "1:c25289f43ac4a68d88b02245742347c94f1e108c534dda442188015ff80669b3"
  name = "google.golang.org/appengine"
  packages = ["cloudsql"]
  pruneopts = "UT"
  revision = "4a4468ece617fc8205e99368fa2200e9d1fad421"
  version = "v1.3.0"

[[projects]]
  digest = "1:15e27372d379b45b18ac917b9dafc45c45485239490ece18cca97a12f9591146"
  name = "gopkg.in/ini.v1"
  packages = ["."]
  pruneopts = "UT"
  revision = "9c8236e659b76e87bf02044d06fde8683008ff3e"
  version = "v1.39.0"

[[projects]]
  digest = "1:2b9d0210e4b76b44216180f37b47cc145827ee628e788cea142483eb958a2b9d"
  name = "gopkg.in/macaron.v1"
  packages = ["."]
  pruneopts = "UT"
  revision = "c1be95e6d21e769e44e1ec33cec9da5837861c10"
  version = "v1.3.1"

[[projects]]
  digest = "1:342378ac4dcb378a5448dd723f0784ae519383532f5e70ade24132c4c8693202"
  name = "gopkg.in/yaml.v2"
  packages = ["."]
  pruneopts = "UT"
  revision = "5420a8b6744d3b0345ab293f6fcba19c978f1183"
  version = "v2.2.1"

[solve-meta]
  analyzer-name = "dep"
  analyzer-version = 1
  input-imports = [
    "github.com/Knetic/govaluate",
    "github.com/Sirupsen/logrus",
    "github.com/Unknwon/com",
    "github.com/fsnotify/fsnotify",
    "github.com/go-macaron/binding",
    "github.com/go-macaron/inject",
    "github.com/go-macaron/session",
    "github.com/go-macaron/toolbox",
    "github.com/go-sql-driver/mysql",
    "github.com/go-xorm/builder",
    "github.com/go-xorm/core",
    "github.com/go-xorm/xorm",
    "github.com/hashicorp/hcl",
    "github.com/hashicorp/hcl/hcl/ast",
    "github.com/hashicorp/hcl/hcl/parser",
    "github.com/hashicorp/hcl/hcl/scanner",
    "github.com/hashicorp/hcl/hcl/strconv",
    "github.com/hashicorp/hcl/hcl/token",
    "github.com/hashicorp/hcl/json/parser",
    "github.com/hashicorp/hcl/json/scanner",
    "github.com/hashicorp/hcl/json/token",
    "github.com/influxdata/influxdb/client/v2",
    "github.com/influxdata/influxdb/models",
    "github.com/influxdata/influxdb/pkg/escape",
    "github.com/magiconair/properties",
    "github.com/mattn/go-sqlite3",
    "github.com/mitchellh/mapstructure",
    "github.com/pelletier/go-buffruneio",
    "github.com/pelletier/go-toml",
    "github.com/soniah/gosnmp",
    "github.com/spf13/afero",
    "github.com/spf13/afero/mem",
    "github.com/spf13/cast",
    "github.com/spf13/jwalterweatherman",
    "github.com/spf13/pflag",
    "github.com/spf13/viper",
    "golang.org/x/crypto/pbkdf2",
    "golang.org/x/net/context",
    "golang.org/x/sys/unix",
    "golang.org/x/text/internal/gen",
    "golang.org/x/text/internal/triegen",
    "golang.org/x/text/internal/ucd",
    "golang.org/x/text/transform",
    "golang.org/x/text/unicode/norm",
    "gopkg.in/ini.v1",
    "gopkg.in/macaron.v1",
    "gopkg.in/yaml.v2",
  ]
  solver-name = "gps-cdcl"
  solver-version = 1
